// !$*UTF8*$!
{
	archiveVersion = 1;
	classes = {};
	objectVersion = 56;
	objects = {

/* Begin PBXBuildFile section */
		B00000000000000000000001 /* ConecteMaxTVApp.swift in Sources */ = {isa = PBXBuildFile; fileRef = F00000000000000000000001; };
		B00000000000000000000002 /* Models.swift in Sources */ = {isa = PBXBuildFile; fileRef = F00000000000000000000002; };
		B00000000000000000000003 /* CentralClient.swift in Sources */ = {isa = PBXBuildFile; fileRef = F00000000000000000000003; };
		B00000000000000000000004 /* KeychainCredentialStore.swift in Sources */ = {isa = PBXBuildFile; fileRef = F00000000000000000000004; };
		B00000000000000000000005 /* PlaylistService.swift in Sources */ = {isa = PBXBuildFile; fileRef = F00000000000000000000005; };
		B00000000000000000000006 /* SessionViewModel.swift in Sources */ = {isa = PBXBuildFile; fileRef = F00000000000000000000006; };
		B00000000000000000000007 /* ChannelViewModel.swift in Sources */ = {isa = PBXBuildFile; fileRef = F00000000000000000000007; };
		B00000000000000000000008 /* RootView.swift in Sources */ = {isa = PBXBuildFile; fileRef = F00000000000000000000008; };
		B00000000000000000000009 /* LoginView.swift in Sources */ = {isa = PBXBuildFile; fileRef = F00000000000000000000009; };
		B0000000000000000000000A /* AppTheme.swift in Sources */ = {isa = PBXBuildFile; fileRef = F0000000000000000000000A; };
		B0000000000000000000000B /* ChannelLoaderView.swift in Sources */ = {isa = PBXBuildFile; fileRef = F0000000000000000000000B; };
		B0000000000000000000000C /* HomeView.swift in Sources */ = {isa = PBXBuildFile; fileRef = F0000000000000000000000C; };
		B0000000000000000000000D /* PlayerView.swift in Sources */ = {isa = PBXBuildFile; fileRef = F0000000000000000000000D; };
		B0000000000000000000000E /* ChannelSearchView.swift in Sources */ = {isa = PBXBuildFile; fileRef = F0000000000000000000000E; };
		B0000000000000000000000F /* SettingsView.swift in Sources */ = {isa = PBXBuildFile; fileRef = F0000000000000000000000F; };
		B00000000000000000000010 /* Assets.xcassets in Resources */ = {isa = PBXBuildFile; fileRef = F00000000000000000000010; };
		B00000000000000000000011 /* PlaylistServiceTests.swift in Sources */ = {isa = PBXBuildFile; fileRef = F00000000000000000000011; };
/* End PBXBuildFile section */

/* Begin PBXContainerItemProxy section */
		C00000000000000000000001 = {isa = PBXContainerItemProxy; containerPortal = A00000000000000000000001 /* Project object */; proxyType = 1; remoteGlobalIDString = A00000000000000000000002; remoteInfo = ConecteMaxTV; };
/* End PBXContainerItemProxy section */

/* Begin PBXFileReference section */
		F00000000000000000000001 /* ConecteMaxTVApp.swift */ = {isa = PBXFileReference; lastKnownFileType = sourcecode.swift; path = ConecteMaxTVApp.swift; sourceTree = "<group>"; };
		F00000000000000000000002 /* Models.swift */ = {isa = PBXFileReference; lastKnownFileType = sourcecode.swift; path = Models.swift; sourceTree = "<group>"; };
		F00000000000000000000003 /* CentralClient.swift */ = {isa = PBXFileReference; lastKnownFileType = sourcecode.swift; path = CentralClient.swift; sourceTree = "<group>"; };
		F00000000000000000000004 /* KeychainCredentialStore.swift */ = {isa = PBXFileReference; lastKnownFileType = sourcecode.swift; path = KeychainCredentialStore.swift; sourceTree = "<group>"; };
		F00000000000000000000005 /* PlaylistService.swift */ = {isa = PBXFileReference; lastKnownFileType = sourcecode.swift; path = PlaylistService.swift; sourceTree = "<group>"; };
		F00000000000000000000006 /* SessionViewModel.swift */ = {isa = PBXFileReference; lastKnownFileType = sourcecode.swift; path = SessionViewModel.swift; sourceTree = "<group>"; };
		F00000000000000000000007 /* ChannelViewModel.swift */ = {isa = PBXFileReference; lastKnownFileType = sourcecode.swift; path = ChannelViewModel.swift; sourceTree = "<group>"; };
		F00000000000000000000008 /* RootView.swift */ = {isa = PBXFileReference; lastKnownFileType = sourcecode.swift; path = RootView.swift; sourceTree = "<group>"; };
		F00000000000000000000009 /* LoginView.swift */ = {isa = PBXFileReference; lastKnownFileType = sourcecode.swift; path = LoginView.swift; sourceTree = "<group>"; };
		F0000000000000000000000A /* AppTheme.swift */ = {isa = PBXFileReference; lastKnownFileType = sourcecode.swift; path = AppTheme.swift; sourceTree = "<group>"; };
		F0000000000000000000000B /* ChannelLoaderView.swift */ = {isa = PBXFileReference; lastKnownFileType = sourcecode.swift; path = ChannelLoaderView.swift; sourceTree = "<group>"; };
		F0000000000000000000000C /* HomeView.swift */ = {isa = PBXFileReference; lastKnownFileType = sourcecode.swift; path = HomeView.swift; sourceTree = "<group>"; };
		F0000000000000000000000D /* PlayerView.swift */ = {isa = PBXFileReference; lastKnownFileType = sourcecode.swift; path = PlayerView.swift; sourceTree = "<group>"; };
		F0000000000000000000000E /* ChannelSearchView.swift */ = {isa = PBXFileReference; lastKnownFileType = sourcecode.swift; path = ChannelSearchView.swift; sourceTree = "<group>"; };
		F0000000000000000000000F /* SettingsView.swift */ = {isa = PBXFileReference; lastKnownFileType = sourcecode.swift; path = SettingsView.swift; sourceTree = "<group>"; };
		F00000000000000000000010 /* Assets.xcassets */ = {isa = PBXFileReference; lastKnownFileType = folder.assetcatalog; path = Assets.xcassets; sourceTree = "<group>"; };
		F00000000000000000000011 /* PlaylistServiceTests.swift */ = {isa = PBXFileReference; lastKnownFileType = sourcecode.swift; path = PlaylistServiceTests.swift; sourceTree = "<group>"; };
		F00000000000000000000012 /* Info.plist */ = {isa = PBXFileReference; lastKnownFileType = text.plist.xml; path = Info.plist; sourceTree = "<group>"; };
		F00000000000000000000013 /* ConecteMaxTV.app */ = {isa = PBXFileReference; explicitFileType = wrapper.application; includeInIndex = 0; path = ConecteMaxTV.app; sourceTree = BUILT_PRODUCTS_DIR; };
		F00000000000000000000014 /* ConecteMaxTVTests.xctest */ = {isa = PBXFileReference; explicitFileType = wrapper.cfbundle; includeInIndex = 0; path = ConecteMaxTVTests.xctest; sourceTree = BUILT_PRODUCTS_DIR; };
/* End PBXFileReference section */

/* Begin PBXFrameworksBuildPhase section */
		D00000000000000000000001 = {isa = PBXFrameworksBuildPhase; buildActionMask = 2147483647; files = (); runOnlyForDeploymentPostprocessing = 0; };
		D00000000000000000000002 = {isa = PBXFrameworksBuildPhase; buildActionMask = 2147483647; files = (); runOnlyForDeploymentPostprocessing = 0; };
/* End PBXFrameworksBuildPhase section */

/* Begin PBXGroup section */
		A00000000000000000000010 = {isa = PBXGroup; children = (A00000000000000000000011, A00000000000000000000015, A00000000000000000000016); sourceTree = "<group>"; };
		A00000000000000000000011 /* ConecteMaxTV */ = {isa = PBXGroup; children = (F00000000000000000000001, F00000000000000000000002, A00000000000000000000012, A00000000000000000000013, A00000000000000000000014, F00000000000000000000010, F00000000000000000000012); path = ConecteMaxTV; sourceTree = "<group>"; };
		A00000000000000000000012 /* Services */ = {isa = PBXGroup; children = (F00000000000000000000003, F00000000000000000000004, F00000000000000000000005); path = Services; sourceTree = "<group>"; };
		A00000000000000000000013 /* ViewModels */ = {isa = PBXGroup; children = (F00000000000000000000006, F00000000000000000000007); path = ViewModels; sourceTree = "<group>"; };
		A00000000000000000000014 /* Views */ = {isa = PBXGroup; children = (F00000000000000000000008, F00000000000000000000009, F0000000000000000000000A, F0000000000000000000000B, F0000000000000000000000C, F0000000000000000000000D, F0000000000000000000000E, F0000000000000000000000F); path = Views; sourceTree = "<group>"; };
		A00000000000000000000015 /* ConecteMaxTVTests */ = {isa = PBXGroup; children = (F00000000000000000000011); path = ConecteMaxTVTests; sourceTree = "<group>"; };
		A00000000000000000000016 /* Products */ = {isa = PBXGroup; children = (F00000000000000000000013, F00000000000000000000014); name = Products; sourceTree = "<group>"; };
/* End PBXGroup section */

/* Begin PBXNativeTarget section */
		A00000000000000000000002 /* ConecteMaxTV */ = {isa = PBXNativeTarget; buildConfigurationList = A00000000000000000000021; buildPhases = (D00000000000000000000003, D00000000000000000000001, D00000000000000000000005); buildRules = (); dependencies = (); name = ConecteMaxTV; productName = ConecteMaxTV; productReference = F00000000000000000000013; productType = "com.apple.product-type.application"; };
		A00000000000000000000003 /* ConecteMaxTVTests */ = {isa = PBXNativeTarget; buildConfigurationList = A00000000000000000000022; buildPhases = (D00000000000000000000004, D00000000000000000000002); buildRules = (); dependencies = (C00000000000000000000002); name = ConecteMaxTVTests; productName = ConecteMaxTVTests; productReference = F00000000000000000000014; productType = "com.apple.product-type.bundle.unit-test"; };
/* End PBXNativeTarget section */

/* Begin PBXProject section */
		A00000000000000000000001 /* Project object */ = {isa = PBXProject; attributes = {BuildIndependentTargetsInParallel = 1; LastSwiftUpdateCheck = 1500; LastUpgradeCheck = 1500; TargetAttributes = {A00000000000000000000002 = {CreatedOnToolsVersion = 15.0; }; A00000000000000000000003 = {CreatedOnToolsVersion = 15.0; TestTargetID = A00000000000000000000002; }; }; }; buildConfigurationList = A00000000000000000000020; compatibilityVersion = "Xcode 14.0"; developmentRegion = pt-BR; hasScannedForEncodings = 0; knownRegions = (en, Base, "pt-BR"); mainGroup = A00000000000000000000010; productRefGroup = A00000000000000000000016; projectDirPath = ""; projectRoot = ""; targets = (A00000000000000000000002, A00000000000000000000003); };
/* End PBXProject section */

/* Begin PBXResourcesBuildPhase section */
		D00000000000000000000005 = {isa = PBXResourcesBuildPhase; buildActionMask = 2147483647; files = (B00000000000000000000010); runOnlyForDeploymentPostprocessing = 0; };
/* End PBXResourcesBuildPhase section */

/* Begin PBXSourcesBuildPhase section */
		D00000000000000000000003 = {isa = PBXSourcesBuildPhase; buildActionMask = 2147483647; files = (B00000000000000000000001, B00000000000000000000002, B00000000000000000000003, B00000000000000000000004, B00000000000000000000005, B00000000000000000000006, B00000000000000000000007, B00000000000000000000008, B00000000000000000000009, B0000000000000000000000A, B0000000000000000000000B, B0000000000000000000000C, B0000000000000000000000D, B0000000000000000000000E, B0000000000000000000000F); runOnlyForDeploymentPostprocessing = 0; };
		D00000000000000000000004 = {isa = PBXSourcesBuildPhase; buildActionMask = 2147483647; files = (B00000000000000000000011); runOnlyForDeploymentPostprocessing = 0; };
/* End PBXSourcesBuildPhase section */

/* Begin PBXTargetDependency section */
		C00000000000000000000002 = {isa = PBXTargetDependency; target = A00000000000000000000002; targetProxy = C00000000000000000000001; };
/* End PBXTargetDependency section */

/* Begin XCBuildConfiguration section */
		E00000000000000000000001 /* Debug */ = {isa = XCBuildConfiguration; buildSettings = {ALWAYS_SEARCH_USER_PATHS = NO; CLANG_ANALYZER_NONNULL = YES; CLANG_CXX_LANGUAGE_STANDARD = "gnu++20"; CLANG_ENABLE_MODULES = YES; CLANG_ENABLE_OBJC_ARC = YES; CLANG_WARN_BOOL_CONVERSION = YES; CLANG_WARN_CONSTANT_CONVERSION = YES; CLANG_WARN_DOCUMENTATION_COMMENTS = YES; CLANG_WARN_EMPTY_BODY = YES; CLANG_WARN_ENUM_CONVERSION = YES; CLANG_WARN_INFINITE_RECURSION = YES; CLANG_WARN_INT_CONVERSION = YES; CLANG_WARN_UNREACHABLE_CODE = YES; COPY_PHASE_STRIP = NO; DEBUG_INFORMATION_FORMAT = dwarf; ENABLE_TESTABILITY = YES; GCC_C_LANGUAGE_STANDARD = gnu17; GCC_NO_COMMON_BLOCKS = YES; GCC_OPTIMIZATION_LEVEL = 0; IPHONEOS_DEPLOYMENT_TARGET = 16.0; MTL_ENABLE_DEBUG_INFO = INCLUDE_SOURCE; ONLY_ACTIVE_ARCH = YES; SDKROOT = iphoneos; SWIFT_ACTIVE_COMPILATION_CONDITIONS = DEBUG; SWIFT_OPTIMIZATION_LEVEL = "-Onone"; }; name = Debug; };
		E00000000000000000000002 /* Release */ = {isa = XCBuildConfiguration; buildSettings = {ALWAYS_SEARCH_USER_PATHS = NO; CLANG_ANALYZER_NONNULL = YES; CLANG_CXX_LANGUAGE_STANDARD = "gnu++20"; CLANG_ENABLE_MODULES = YES; CLANG_ENABLE_OBJC_ARC = YES; CLANG_WARN_BOOL_CONVERSION = YES; CLANG_WARN_CONSTANT_CONVERSION = YES; CLANG_WARN_DOCUMENTATION_COMMENTS = YES; CLANG_WARN_EMPTY_BODY = YES; CLANG_WARN_ENUM_CONVERSION = YES; CLANG_WARN_INFINITE_RECURSION = YES; CLANG_WARN_INT_CONVERSION = YES; CLANG_WARN_UNREACHABLE_CODE = YES; DEBUG_INFORMATION_FORMAT = "dwarf-with-dsym"; ENABLE_NS_ASSERTIONS = NO; GCC_C_LANGUAGE_STANDARD = gnu17; GCC_NO_COMMON_BLOCKS = YES; IPHONEOS_DEPLOYMENT_TARGET = 16.0; MTL_ENABLE_DEBUG_INFO = NO; SDKROOT = iphoneos; SWIFT_COMPILATION_MODE = wholemodule; VALIDATE_PRODUCT = YES; }; name = Release; };
		E00000000000000000000003 /* Debug */ = {isa = XCBuildConfiguration; buildSettings = {ASSETCATALOG_COMPILER_APPICON_NAME = AppIcon; ASSETCATALOG_COMPILER_GLOBAL_ACCENT_COLOR_NAME = AccentColor; CODE_SIGN_STYLE = Automatic; CURRENT_PROJECT_VERSION = 1; DEVELOPMENT_ASSET_PATHS = ""; GENERATE_INFOPLIST_FILE = NO; INFOPLIST_FILE = ConecteMaxTV/Info.plist; MARKETING_VERSION = 1.0; PRODUCT_BUNDLE_IDENTIFIER = br.com.conectemax.tv; PRODUCT_NAME = "$(TARGET_NAME)"; SWIFT_EMIT_LOC_STRINGS = YES; SWIFT_VERSION = 5.0; TARGETED_DEVICE_FAMILY = "1,2"; }; name = Debug; };
		E00000000000000000000004 /* Release */ = {isa = XCBuildConfiguration; buildSettings = {ASSETCATALOG_COMPILER_APPICON_NAME = AppIcon; ASSETCATALOG_COMPILER_GLOBAL_ACCENT_COLOR_NAME = AccentColor; CODE_SIGN_STYLE = Automatic; CURRENT_PROJECT_VERSION = 1; DEVELOPMENT_ASSET_PATHS = ""; GENERATE_INFOPLIST_FILE = NO; INFOPLIST_FILE = ConecteMaxTV/Info.plist; MARKETING_VERSION = 1.0; PRODUCT_BUNDLE_IDENTIFIER = br.com.conectemax.tv; PRODUCT_NAME = "$(TARGET_NAME)"; SWIFT_EMIT_LOC_STRINGS = YES; SWIFT_VERSION = 5.0; TARGETED_DEVICE_FAMILY = "1,2"; }; name = Release; };
		E00000000000000000000005 /* Debug */ = {isa = XCBuildConfiguration; buildSettings = {BUNDLE_LOADER = "$(TEST_HOST)"; CODE_SIGN_STYLE = Automatic; GENERATE_INFOPLIST_FILE = YES; IPHONEOS_DEPLOYMENT_TARGET = 16.0; PRODUCT_BUNDLE_IDENTIFIER = br.com.conectemax.tv.tests; PRODUCT_NAME = "$(TARGET_NAME)"; SWIFT_VERSION = 5.0; TARGETED_DEVICE_FAMILY = "1,2"; TEST_HOST = "$(BUILT_PRODUCTS_DIR)/ConecteMaxTV.app/$(BUNDLE_EXECUTABLE_FOLDER_PATH)/ConecteMaxTV"; }; name = Debug; };
		E00000000000000000000006 /* Release */ = {isa = XCBuildConfiguration; buildSettings = {BUNDLE_LOADER = "$(TEST_HOST)"; CODE_SIGN_STYLE = Automatic; GENERATE_INFOPLIST_FILE = YES; IPHONEOS_DEPLOYMENT_TARGET = 16.0; PRODUCT_BUNDLE_IDENTIFIER = br.com.conectemax.tv.tests; PRODUCT_NAME = "$(TARGET_NAME)"; SWIFT_VERSION = 5.0; TARGETED_DEVICE_FAMILY = "1,2"; TEST_HOST = "$(BUILT_PRODUCTS_DIR)/ConecteMaxTV.app/$(BUNDLE_EXECUTABLE_FOLDER_PATH)/ConecteMaxTV"; }; name = Release; };
/* End XCBuildConfiguration section */

/* Begin XCConfigurationList section */
		A00000000000000000000020 = {isa = XCConfigurationList; buildConfigurations = (E00000000000000000000001, E00000000000000000000002); defaultConfigurationIsVisible = 0; defaultConfigurationName = Release; };
		A00000000000000000000021 = {isa = XCConfigurationList; buildConfigurations = (E00000000000000000000003, E00000000000000000000004); defaultConfigurationIsVisible = 0; defaultConfigurationName = Release; };
		A00000000000000000000022 = {isa = XCConfigurationList; buildConfigurations = (E00000000000000000000005, E00000000000000000000006); defaultConfigurationIsVisible = 0; defaultConfigurationName = Release; };
/* End XCConfigurationList section */
	};
	rootObject = A00000000000000000000001 /* Project object */;
}

